// !$*UTF8*$!
{
	archiveVersion = 1;
	classes = {
	};
	objectVersion = 48;
	objects = {

/* Begin PBXBuildFile section */
		8815B9FF2005B6B30070CEB4 /* AppDelegate.swift in Sources */ = {isa = PBXBuildFile; fileRef = 8815B9FE2005B6B30070CEB4 /* AppDelegate.swift */; };
		8815BA012005B6B30070CEB4 /* ViewController.swift in Sources */ = {isa = PBXBuildFile; fileRef = 8815BA002005B6B30070CEB4 /* ViewController.swift */; };
		8815BA042005B6B30070CEB4 /* Main.storyboard in Resources */ = {isa = PBXBuildFile; fileRef = 8815BA022005B6B30070CEB4 /* Main.storyboard */; };
		8815BA062005B6B30070CEB4 /* Assets.xcassets in Resources */ = {isa = PBXBuildFile; fileRef = 8815BA052005B6B30070CEB4 /* Assets.xcassets */; };
		8815BA092005B6B30070CEB4 /* LaunchScreen.storyboard in Resources */ = {isa = PBXBuildFile; fileRef = 8815BA072005B6B30070CEB4 /* LaunchScreen.storyboard */; };
		8815BA1A2005B7CB0070CEB4 /* String+PFExtension.swift in Sources */ = {isa = PBXBuildFile; fileRef = 8815BA112005B7CB0070CEB4 /* String+PFExtension.swift */; };
		8815BA1B2005B7CB0070CEB4 /* UILabel+PFExtension.swift in Sources */ = {isa = PBXBuildFile; fileRef = 8815BA122005B7CB0070CEB4 /* UILabel+PFExtension.swift */; };
		8815BA1C2005B7CB0070CEB4 /* Collection+PFExtension.swift in Sources */ = {isa = PBXBuildFile; fileRef = 8815BA132005B7CB0070CEB4 /* Collection+PFExtension.swift */; };
		8815BA1D2005B7CB0070CEB4 /* UIScreen+PFExtension.swift in Sources */ = {isa = PBXBuildFile; fileRef = 8815BA142005B7CB0070CEB4 /* UIScreen+PFExtension.swift */; };
		8815BA1E2005B7CB0070CEB4 /* Date+PFExtension.swift in Sources */ = {isa = PBXBuildFile; fileRef = 8815BA152005B7CB0070CEB4 /* Date+PFExtension.swift */; };
		8815BA1F2005B7CB0070CEB4 /* UserDefaults+PFExtension.swift in Sources */ = {isa = PBXBuildFile; fileRef = 8815BA162005B7CB0070CEB4 /* UserDefaults+PFExtension.swift */; };
		8815BA202005B7CB0070CEB4 /* Double+PFExtension.swift in Sources */ = {isa = PBXBuildFile; fileRef = 8815BA172005B7CB0070CEB4 /* Double+PFExtension.swift */; };
		8815BA212005B7CB0070CEB4 /* UIColor+PFExtension.swift in Sources */ = {isa = PBXBuildFile; fileRef = 8815BA182005B7CB0070CEB4 /* UIColor+PFExtension.swift */; };
		8815BA222005B7CB0070CEB4 /* UIView+PFExtension.swift in Sources */ = {isa = PBXBuildFile; fileRef = 8815BA192005B7CB0070CEB4 /* UIView+PFExtension.swift */; };
		8815BA242005B7F80070CEB4 /* PFConstants.swift in Sources */ = {isa = PBXBuildFile; fileRef = 8815BA232005B7F80070CEB4 /* PFConstants.swift */; };
/* End PBXBuildFile section */

/* Begin PBXFileReference section */
		8815B9FB2005B6B30070CEB4 /* PFExtension.app */ = {isa = PBXFileReference; explicitFileType = wrapper.application; includeInIndex = 0; path = PFExtension.app; sourceTree = BUILT_PRODUCTS_DIR; };
		8815B9FE2005B6B30070CEB4 /* AppDelegate.swift */ = {isa = PBXFileReference; lastKnownFileType = sourcecode.swift; path = AppDelegate.swift; sourceTree = "<group>"; };
		8815BA002005B6B30070CEB4 /* ViewController.swift */ = {isa = PBXFileReference; lastKnownFileType = sourcecode.swift; path = ViewController.swift; sourceTree = "<group>"; };
		8815BA032005B6B30070CEB4 /* Base */ = {isa = PBXFileReference; lastKnownFileType = file.storyboard; name = Base; path = Base.lproj/Main.storyboard; sourceTree = "<group>"; };
		8815BA052005B6B30070CEB4 /* Assets.xcassets */ = {isa = PBXFileReference; lastKnownFileType = folder.assetcatalog; path = Assets.xcassets; sourceTree = "<group>"; };
		8815BA082005B6B30070CEB4 /* Base */ = {isa = PBXFileReference; lastKnownFileType = file.storyboard; name = Base; path = Base.lproj/LaunchScreen.storyboard; sourceTree = "<group>"; };
		8815BA0A2005B6B30070CEB4 /* Info.plist */ = {isa = PBXFileReference; lastKnownFileType = text.plist.xml; path = Info.plist; sourceTree = "<group>"; };
		8815BA112005B7CB0070CEB4 /* String+PFExtension.swift */ = {isa = PBXFileReference; fileEncoding = 4; lastKnownFileType = sourcecode.swift; path = "String+PFExtension.swift"; sourceTree = "<group>"; };
		8815BA122005B7CB0070CEB4 /* UILabel+PFExtension.swift */ = {isa = PBXFileReference; fileEncoding = 4; lastKnownFileType = sourcecode.swift; path = "UILabel+PFExtension.swift"; sourceTree = "<group>"; };
		8815BA132005B7CB0070CEB4 /* Collection+PFExtension.swift */ = {isa = PBXFileReference; fileEncoding = 4; lastKnownFileType = sourcecode.swift; path = "Collection+PFExtension.swift"; sourceTree = "<group>"; };
		8815BA142005B7CB0070CEB4 /* UIScreen+PFExtension.swift */ = {isa = PBXFileReference; fileEncoding = 4; lastKnownFileType = sourcecode.swift; path = "UIScreen+PFExtension.swift"; sourceTree = "<group>"; };
		8815BA152005B7CB0070CEB4 /* Date+PFExtension.swift */ = {isa = PBXFileReference; fileEncoding = 4; lastKnownFileType = sourcecode.swift; path = "Date+PFExtension.swift"; sourceTree = "<group>"; };
		8815BA162005B7CB0070CEB4 /* UserDefaults+PFExtension.swift */ = {isa = PBXFileReference; fileEncoding = 4; lastKnownFileType = sourcecode.swift; path = "UserDefaults+PFExtension.swift"; sourceTree = "<group>"; };
		8815BA172005B7CB0070CEB4 /* Double+PFExtension.swift */ = {isa = PBXFileReference; fileEncoding = 4; lastKnownFileType = sourcecode.swift; path = "Double+PFExtension.swift"; sourceTree = "<group>"; };
		8815BA182005B7CB0070CEB4 /* UIColor+PFExtension.swift */ = {isa = PBXFileReference; fileEncoding = 4; lastKnownFileType = sourcecode.swift; path = "UIColor+PFExtension.swift"; sourceTree = "<group>"; };
		8815BA192005B7CB0070CEB4 /* UIView+PFExtension.swift */ = {isa = PBXFileReference; fileEncoding = 4; lastKnownFileType = sourcecode.swift; path = "UIView+PFExtension.swift"; sourceTree = "<group>"; };
		8815BA232005B7F80070CEB4 /* PFConstants.swift */ = {isa = PBXFileReference; fileEncoding = 4; lastKnownFileType = sourcecode.swift; path = PFConstants.swift; sourceTree = "<group>"; };
/* End PBXFileReference section */

/* Begin PBXFrameworksBuildPhase section */
		8815B9F82005B6B30070CEB4 /* Frameworks */ = {
			isa = PBXFrameworksBuildPhase;
			buildActionMask = 2147483647;
			files = (
			);
			runOnlyForDeploymentPostprocessing = 0;
		};
/* End PBXFrameworksBuildPhase section */

/* Begin PBXGroup section */
		8815B9F22005B6B30070CEB4 = {
			isa = PBXGroup;
			children = (
				8815BA102005B6F00070CEB4 /* Sources */,
				8815B9FD2005B6B30070CEB4 /* PFExtension */,
				8815B9FC2005B6B30070CEB4 /* Products */,
			);
			sourceTree = "<group>";
		};
		8815B9FC2005B6B30070CEB4 /* Products */ = {
			isa = PBXGroup;
			children = (
				8815B9FB2005B6B30070CEB4 /* PFExtension.app */,
			);
			name = Products;
			sourceTree = "<group>";
		};
		8815B9FD2005B6B30070CEB4 /* PFExtension */ = {
			isa = PBXGroup;
			children = (
				8815B9FE2005B6B30070CEB4 /* AppDelegate.swift */,
				8815BA002005B6B30070CEB4 /* ViewController.swift */,
				8815BA022005B6B30070CEB4 /* Main.storyboard */,
				8815BA052005B6B30070CEB4 /* Assets.xcassets */,
				8815BA072005B6B30070CEB4 /* LaunchScreen.storyboard */,
				8815BA0A2005B6B30070CEB4 /* Info.plist */,
			);
			path = PFExtension;
			sourceTree = "<group>";
		};
		8815BA102005B6F00070CEB4 /* Sources */ = {
			isa = PBXGroup;
			children = (
				8815BA232005B7F80070CEB4 /* PFConstants.swift */,
				8815BA132005B7CB0070CEB4 /* Collection+PFExtension.swift */,
				8815BA152005B7CB0070CEB4 /* Date+PFExtension.swift */,
				8815BA172005B7CB0070CEB4 /* Double+PFExtension.swift */,
				8815BA112005B7CB0070CEB4 /* String+PFExtension.swift */,
				8815BA182005B7CB0070CEB4 /* UIColor+PFExtension.swift */,
				8815BA122005B7CB0070CEB4 /* UILabel+PFExtension.swift */,
				8815BA142005B7CB0070CEB4 /* UIScreen+PFExtension.swift */,
				8815BA192005B7CB0070CEB4 /* UIView+PFExtension.swift */,
				8815BA162005B7CB0070CEB4 /* UserDefaults+PFExtension.swift */,
			);
			name = Sources;
			path = ../Sources;
			sourceTree = "<group>";
		};
/* End PBXGroup section */

/* Begin PBXNativeTarget section */
		8815B9FA2005B6B30070CEB4 /* PFExtension */ = {
			isa = PBXNativeTarget;
			buildConfigurationList = 8815BA0D2005B6B30070CEB4 /* Build configuration list for PBXNativeTarget "PFExtension" */;
			buildPhases = (
				8815B9F72005B6B30070CEB4 /* Sources */,
				8815B9F82005B6B30070CEB4 /* Frameworks */,
				8815B9F92005B6B30070CEB4 /* Resources */,
			);
			buildRules = (
			);
			dependencies = (
			);
			name = PFExtension;
			productName = PFExtension;
			productReference = 8815B9FB2005B6B30070CEB4 /* PFExtension.app */;
			productType = "com.apple.product-type.application";
		};
/* End PBXNativeTarget section */

/* Begin PBXProject section */
		8815B9F32005B6B30070CEB4 /* Project object */ = {
			isa = PBXProject;
			attributes = {
				LastSwiftUpdateCheck = 0920;
				LastUpgradeCheck = 0920;
				ORGANIZATIONNAME = "飞流";
				TargetAttributes = {
					8815B9FA2005B6B30070CEB4 = {
						CreatedOnToolsVersion = 9.2;
						ProvisioningStyle = Automatic;
					};
				};
			};
			buildConfigurationList = 8815B9F62005B6B30070CEB4 /* Build configuration list for PBXProject "PFExtension" */;
			compatibilityVersion = "Xcode 8.0";
			developmentRegion = en;
			hasScannedForEncodings = 0;
			knownRegions = (
				en,
				Base,
			);
			mainGroup = 8815B9F22005B6B30070CEB4;
			productRefGroup = 8815B9FC2005B6B30070CEB4 /* Products */;
			projectDirPath = "";
			projectRoot = "";
			targets = (
				8815B9FA2005B6B30070CEB4 /* PFExtension */,
			);
		};
/* End PBXProject section */

/* Begin PBXResourcesBuildPhase section */
		8815B9F92005B6B30070CEB4 /* Resources */ = {
			isa = PBXResourcesBuildPhase;
			buildActionMask = 2147483647;
			files = (
				8815BA092005B6B30070CEB4 /* LaunchScreen.storyboard in Resources */,
				8815BA062005B6B30070CEB4 /* Assets.xcassets in Resources */,
				8815BA042005B6B30070CEB4 /* Main.storyboard in Resources */,
			);
			runOnlyForDeploymentPostprocessing = 0;
		};
/* End PBXResourcesBuildPhase section */

/* Begin PBXSourcesBuildPhase section */
		8815B9F72005B6B30070CEB4 /* Sources */ = {
			isa = PBXSourcesBuildPhase;
			buildActionMask = 2147483647;
			files = (
				8815BA1B2005B7CB0070CEB4 /* UILabel+PFExtension.swift in Sources */,
				8815BA1A2005B7CB0070CEB4 /* String+PFExtension.swift in Sources */,
				8815BA012005B6B30070CEB4 /* ViewController.swift in Sources */,
				8815BA1E2005B7CB0070CEB4 /* Date+PFExtension.swift in Sources */,
				8815BA1D2005B7CB0070CEB4 /* UIScreen+PFExtension.swift in Sources */,
				8815B9FF2005B6B30070CEB4 /* AppDelegate.swift in Sources */,
				8815BA1F2005B7CB0070CEB4 /* UserDefaults+PFExtension.swift in Sources */,
				8815BA212005B7CB0070CEB4 /* UIColor+PFExtension.swift in Sources */,
				8815BA222005B7CB0070CEB4 /* UIView+PFExtension.swift in Sources */,
				8815BA1C2005B7CB0070CEB4 /* Collection+PFExtension.swift in Sources */,
				8815BA202005B7CB0070CEB4 /* Double+PFExtension.swift in Sources */,
				8815BA242005B7F80070CEB4 /* PFConstants.swift in Sources */,
			);
			runOnlyForDeploymentPostprocessing = 0;
		};
/* End PBXSourcesBuildPhase section */

/* Begin PBXVariantGroup section */
		8815BA022005B6B30070CEB4 /* Main.storyboard */ = {
			isa = PBXVariantGroup;
			children = (
				8815BA032005B6B30070CEB4 /* Base */,
			);
			name = Main.storyboard;
			sourceTree = "<group>";
		};
		8815BA072005B6B30070CEB4 /* LaunchScreen.storyboard */ = {
			isa = PBXVariantGroup;
			children = (
				8815BA082005B6B30070CEB4 /* Base */,
			);
			name = LaunchScreen.storyboard;
			sourceTree = "<group>";
		};
/* End PBXVariantGroup section */

/* Begin XCBuildConfiguration section */
		8815BA0B2005B6B30070CEB4 /* Debug */ = {
			isa = XCBuildConfiguration;
			buildSettings = {
				ALWAYS_SEARCH_USER_PATHS = NO;
				CLANG_ANALYZER_NONNULL = YES;
				CLANG_ANALYZER_NUMBER_OBJECT_CONVERSION = YES_AGGRESSIVE;
				CLANG_CXX_LANGUAGE_STANDARD = "gnu++14";
				CLANG_CXX_LIBRARY = "libc++";
				CLANG_ENABLE_MODULES = YES;
				CLANG_ENABLE_OBJC_ARC = YES;
				CLANG_WARN_BLOCK_CAPTURE_AUTORELEASING = YES;
				CLANG_WARN_BOOL_CONVERSION = YES;
				CLANG_WARN_COMMA = YES;
				CLANG_WARN_CONSTANT_CONVERSION = YES;
				CLANG_WARN_DIRECT_OBJC_ISA_USAGE = YES_ERROR;
				CLANG_WARN_DOCUMENTATION_COMMENTS = YES;
				CLANG_WARN_EMPTY_BODY = YES;
				CLANG_WARN_ENUM_CONVERSION = YES;
				CLANG_WARN_INFINITE_RECURSION = YES;
				CLANG_WARN_INT_CONVERSION = YES;
				CLANG_WARN_NON_LITERAL_NULL_CONVERSION = YES;
				CLANG_WARN_OBJC_LITERAL_CONVERSION = YES;
				CLANG_WARN_OBJC_ROOT_CLASS = YES_ERROR;
				CLANG_WARN_RANGE_LOOP_ANALYSIS = YES;
				CLANG_WARN_STRICT_PROTOTYPES = YES;
				CLANG_WARN_SUSPICIOUS_MOVE = YES;
				CLANG_WARN_UNGUARDED_AVAILABILITY = YES_AGGRESSIVE;
				CLANG_WARN_UNREACHABLE_CODE = YES;
				CLANG_WARN__DUPLICATE_METHOD_MATCH = YES;
				CODE_SIGN_IDENTITY = "iPhone Developer";
				COPY_PHASE_STRIP = NO;
				DEBUG_INFORMATION_FORMAT = dwarf;
				ENABLE_STRICT_OBJC_MSGSEND = YES;
				ENABLE_TESTABILITY = YES;
				GCC_C_LANGUAGE_STANDARD = gnu11;
				GCC_DYNAMIC_NO_PIC = NO;
				GCC_NO_COMMON_BLOCKS = YES;
				GCC_OPTIMIZATION_LEVEL = 0;
				GCC_PREPROCESSOR_DEFINITIONS = (
					"DEBUG=1",
					"$(inherited)",
				);
				GCC_WARN_64_TO_32_BIT_CONVERSION = YES;
				GCC_WARN_ABOUT_RETURN_TYPE = YES_ERROR;
				GCC_WARN_UNDECLARED_SELECTOR = YES;
				GCC_WARN_UNINITIALIZED_AUTOS = YES_AGGRESSIVE;
				GCC_WARN_UNUSED_FUNCTION = YES;
				GCC_WARN_UNUSED_VARIABLE = YES;
				IPHONEOS_DEPLOYMENT_TARGET = 11.2;
				MTL_ENABLE_DEBUG_INFO = YES;
				ONLY_ACTIVE_ARCH = YES;
				SDKROOT = iphoneos;
				SWIFT_ACTIVE_COMPILATION_CONDITIONS = DEBUG;
				SWIFT_OPTIMIZATION_LEVEL = "-Onone";
			};
			name = Debug;
		};
		8815BA0C2005B6B30070CEB4 /* Release */ = {
			isa = XCBuildConfiguration;
			buildSettings = {
				ALWAYS_SEARCH_USER_PATHS = NO;
				CLANG_ANALYZER_NONNULL = YES;
				CLANG_ANALYZER_NUMBER_OBJECT_CONVERSION = YES_AGGRESSIVE;
				CLANG_CXX_LANGUAGE_STANDARD = "gnu++14";
				CLANG_CXX_LIBRARY = "libc++";
				CLANG_ENABLE_MODULES = YES;
				CLANG_ENABLE_OBJC_ARC = YES;
				CLANG_WARN_BLOCK_CAPTURE_AUTORELEASING = YES;
				CLANG_WARN_BOOL_CONVERSION = YES;
				CLANG_WARN_COMMA = YES;
				CLANG_WARN_CONSTANT_CONVERSION = YES;
				CLANG_WARN_DIRECT_OBJC_ISA_USAGE = YES_ERROR;
				CLANG_WARN_DOCUMENTATION_COMMENTS = YES;
				CLANG_WARN_EMPTY_BODY = YES;
				CLANG_WARN_ENUM_CONVERSION = YES;
				CLANG_WARN_INFINITE_RECURSION = YES;
				CLANG_WARN_INT_CONVERSION = YES;
				CLANG_WARN_NON_LITERAL_NULL_CONVERSION = YES;
				CLANG_WARN_OBJC_LITERAL_CONVERSION = YES;
				CLANG_WARN_OBJC_ROOT_CLASS = YES_ERROR;
				CLANG_WARN_RANGE_LOOP_ANALYSIS = YES;
				CLANG_WARN_STRICT_PROTOTYPES = YES;
				CLANG_WARN_SUSPICIOUS_MOVE = YES;
				CLANG_WARN_UNGUARDED_AVAILABILITY = YES_AGGRESSIVE;
				CLANG_WARN_UNREACHABLE_CODE = YES;
				CLANG_WARN__DUPLICATE_METHOD_MATCH = YES;
				CODE_SIGN_IDENTITY = "iPhone Developer";
				COPY_PHASE_STRIP = NO;
				DEBUG_INFORMATION_FORMAT = "dwarf-with-dsym";
				ENABLE_NS_ASSERTIONS = NO;
				ENABLE_STRICT_OBJC_MSGSEND = YES;
				GCC_C_LANGUAGE_STANDARD = gnu11;
				GCC_NO_COMMON_BLOCKS = YES;
				GCC_WARN_64_TO_32_BIT_CONVERSION = YES;
				GCC_WARN_ABOUT_RETURN_TYPE = YES_ERROR;
				GCC_WARN_UNDECLARED_SELECTOR = YES;
				GCC_WARN_UNINITIALIZED_AUTOS = YES_AGGRESSIVE;
				GCC_WARN_UNUSED_FUNCTION = YES;
				GCC_WARN_UNUSED_VARIABLE = YES;
				IPHONEOS_DEPLOYMENT_TARGET = 11.2;
				MTL_ENABLE_DEBUG_INFO = NO;
				SDKROOT = iphoneos;
				SWIFT_OPTIMIZATION_LEVEL = "-Owholemodule";
				VALIDATE_PRODUCT = YES;
			};
			name = Release;
		};
		8815BA0E2005B6B30070CEB4 /* Debug */ = {
			isa = XCBuildConfiguration;
			buildSettings = {
				ASSETCATALOG_COMPILER_APPICON_NAME = AppIcon;
				CODE_SIGN_STYLE = Automatic;
				INFOPLIST_FILE = PFExtension/Info.plist;
				LD_RUNPATH_SEARCH_PATHS = "$(inherited) @executable_path/Frameworks";
				PRODUCT_BUNDLE_IDENTIFIER = com.wenpengfei.PFExtension;
				PRODUCT_NAME = "$(TARGET_NAME)";
				SWIFT_VERSION = 4.0;
				TARGETED_DEVICE_FAMILY = "1,2";
			};
			name = Debug;
		};
		8815BA0F2005B6B30070CEB4 /* Release */ = {
			isa = XCBuildConfiguration;
			buildSettings = {
				ASSETCATALOG_COMPILER_APPICON_NAME = AppIcon;
				CODE_SIGN_STYLE = Automatic;
				INFOPLIST_FILE = PFExtension/Info.plist;
				LD_RUNPATH_SEARCH_PATHS = "$(inherited) @executable_path/Frameworks";
				PRODUCT_BUNDLE_IDENTIFIER = com.wenpengfei.PFExtension;
				PRODUCT_NAME = "$(TARGET_NAME)";
				SWIFT_VERSION = 4.0;
				TARGETED_DEVICE_FAMILY = "1,2";
			};
			name = Release;
		};
/* End XCBuildConfiguration section */

/* Begin XCConfigurationList section */
		8815B9F62005B6B30070CEB4 /* Build configuration list for PBXProject "PFExtension" */ = {
			isa = XCConfigurationList;
			buildConfigurations = (
				8815BA0B2005B6B30070CEB4 /* Debug */,
				8815BA0C2005B6B30070CEB4 /* Release */,
			);
			defaultConfigurationIsVisible = 0;
			defaultConfigurationName = Release;
		};
		8815BA0D2005B6B30070CEB4 /* Build configuration list for PBXNativeTarget "PFExtension" */ = {
			isa = XCConfigurationList;
			buildConfigurations = (
				8815BA0E2005B6B30070CEB4 /* Debug */,
				8815BA0F2005B6B30070CEB4 /* Release */,
			);
			defaultConfigurationIsVisible = 0;
			defaultConfigurationName = Release;
		};
/* End XCConfigurationList section */
	};
	rootObject = 8815B9F32005B6B30070CEB4 /* Project object */;
}
